
Microsoft Visual Studio Solution File, Format Version 12.00
Project("{FAE04EC0-301F-11D3-BF4B-00C04F79EFBC}") = "Ant Simulator", "Ant Simulator\Ant Simulator.csproj", "{895038B2-C9F0-48BA-BC69-070A5C26741F}"
EndProject
Global
	GlobalSection(SolutionConfigurationPlatforms) = preSolution
		Debug|Any CPU = Debug|Any CPU
		Release|Any CPU = Release|Any CPU
	EndGlobalSection
	GlobalSection(ProjectConfigurationPlatforms) = postSolution
		{895038B2-C9F0-48BA-BC69-070A5C26741F}.Debug|Any CPU.ActiveCfg = Debug|Any CPU
		{895038B2-C9F0-48BA-BC69-070A5C26741F}.Debug|Any CPU.Build.0 = Debug|Any CPU
		{895038B2-C9F0-48BA-BC69-070A5C26741F}.Release|Any CPU.ActiveCfg = Release|Any CPU
		{895038B2-C9F0-48BA-BC69-070A5C26741F}.Release|Any CPU.Build.0 = Release|Any CPU
	EndGlobalSection
EndGlobal
